
Microsoft Visual Studio Solution File, Format Version 12.00
# Visual Studio 15
VisualStudioVersion = 15.0.26403.7
MinimumVisualStudioVersion = 10.0.40219.1
Project("{FAE04EC0-301F-11D3-BF4B-00C04F79EFBC}") = "FMY.WEB.UI", "FMY.WEB.UI\FMY.WEB.UI.csproj", "{29B4ACA0-71AF-497C-90D8-1B7925039EF5}"
EndProject
Project("{FAE04EC0-301F-11D3-BF4B-00C04F79EFBC}") = "FMY.WEB.Model", "FMY.WEB.Model\FMY.WEB.Model.csproj", "{67A3D63D-DDFD-4135-8A21-C455E7F23C68}"
EndProject
Project("{FAE04EC0-301F-11D3-BF4B-00C04F79EFBC}") = "FMY.WEB.Comm", "FMY.WEB.Comm\FMY.WEB.Comm.csproj", "{D6A2A9BD-67F1-4869-9D70-85765173A17D}"
EndProject
Project("{FAE04EC0-301F-11D3-BF4B-00C04F79EFBC}") = "FMY.SQL.ADO", "..\FMY.SQL.ADO\FMY.SQL.ADO\FMY.SQL.ADO.csproj", "{3ED7159B-164E-434A-A46B-19D29E6D9800}"
EndProject
Project("{FAE04EC0-301F-11D3-BF4B-00C04F79EFBC}") = "FMY.WEB.BLL", "FMY.WEB.BLL\FMY.WEB.BLL.csproj", "{D9B12358-23BF-4D5B-8382-335B555AB480}"
EndProject
Project("{FAE04EC0-301F-11D3-BF4B-00C04F79EFBC}") = "FMY.WEB.Dao", "FMY.WEB.DAL\FMY.WEB.Dao.csproj", "{2D1AAC84-CAF9-4E37-91D8-C0A8B526F2CD}"
EndProject
Project("{2150E333-8FDC-42A3-9474-1A3956D46DE8}") = ".nuget", ".nuget", "{79CF1163-2E68-432C-AB6D-95CE1C36AAC0}"
	ProjectSection(SolutionItems) = preProject
		.nuget\NuGet.Config = .nuget\NuGet.Config
		.nuget\NuGet.exe = .nuget\NuGet.exe
		.nuget\NuGet.targets = .nuget\NuGet.targets
	EndProjectSection
EndProject
Project("{2150E333-8FDC-42A3-9474-1A3956D46DE8}") = "WCF", "WCF", "{9495DC69-B207-4F91-A704-753FCD496588}"
EndProject
Project("{FAE04EC0-301F-11D3-BF4B-00C04F79EFBC}") = "TEST.Contract", "Contract\TEST.Contract.csproj", "{38BBC16D-BD23-4175-876B-D80D365A1238}"
EndProject
Project("{FAE04EC0-301F-11D3-BF4B-00C04F79EFBC}") = "TEST.Services", "Services\TEST.Services.csproj", "{6DFD7091-64BC-4A1F-A881-7F66DC90EFF1}"
EndProject
Project("{FAE04EC0-301F-11D3-BF4B-00C04F79EFBC}") = "TEST.Host", "Host\TEST.Host.csproj", "{CC16C52D-9E97-4017-924D-DC3F2477E529}"
EndProject
Project("{FAE04EC0-301F-11D3-BF4B-00C04F79EFBC}") = "TEST.Client", "Client\TEST.Client.csproj", "{4478BD25-AEC8-4701-BC6C-FCC791859B62}"
EndProject
Project("{FAE04EC0-301F-11D3-BF4B-00C04F79EFBC}") = "FMY.WEB.IDao", "FMY.WEB.IDao\FMY.WEB.IDao.csproj", "{41B975A3-C36C-4F41-A688-2FFB69423D30}"
EndProject
Project("{FAE04EC0-301F-11D3-BF4B-00C04F79EFBC}") = "FMY.WEB.IbatisDao", "FMY.WEB.IbatisDao\FMY.WEB.IbatisDao.csproj", "{F78A9714-FDAE-42D5-A87F-6925E1536AF4}"
EndProject
Project("{2150E333-8FDC-42A3-9474-1A3956D46DE8}") = "UnitTest", "UnitTest", "{1FDE8AFE-3AC4-4761-BF9F-2AD6F59FECFC}"
EndProject
Project("{FAE04EC0-301F-11D3-BF4B-00C04F79EFBC}") = "FMY.WEB.UnitTest.IbatisDaoTest", "FMY.WEB.UnitTest.IbatisDao\FMY.WEB.UnitTest.IbatisDaoTest.csproj", "{71239CAA-348C-42CA-8016-3C411AE36BDE}"
EndProject
Project("{2150E333-8FDC-42A3-9474-1A3956D46DE8}") = "others", "others", "{56C263D5-AA37-4EB8-9577-DFCA4DA1961E}"
EndProject
Project("{2150E333-8FDC-42A3-9474-1A3956D46DE8}") = "FMY.Core", "FMY.Core", "{0D09492C-6268-487A-B063-2982C1D7409A}"
EndProject
Project("{FAE04EC0-301F-11D3-BF4B-00C04F79EFBC}") = "FMY.Core.RedisClient", "FMY.Core.RedisClient\FMY.Core.RedisClient.csproj", "{76A99C33-BAAC-4EDD-A0EB-A4B597578E5C}"
EndProject
Project("{FAE04EC0-301F-11D3-BF4B-00C04F79EFBC}") = "FMY.Core.TestClient", "FMY.Core.Test.RedisClient\FMY.Core.TestClient.csproj", "{82691486-C53C-4962-A01B-542EA5278AD9}"
EndProject
Project("{FAE04EC0-301F-11D3-BF4B-00C04F79EFBC}") = "FMY.Core.MongoClient", "FMY.Core.MongoClient\FMY.Core.MongoClient.csproj", "{4BEBCBE9-DDFC-4F28-B28B-12AA24CFEE09}"
EndProject
Project("{2150E333-8FDC-42A3-9474-1A3956D46DE8}") = "FMY.Console", "FMY.Console", "{9A5B6075-B323-4314-A85D-7C424FFC018F}"
EndProject
Project("{FAE04EC0-301F-11D3-BF4B-00C04F79EFBC}") = "FMY.Consoles.StaticResource", "FMY.Console.StaticResours\FMY.Consoles.StaticResource.csproj", "{F6FFA452-43ED-4E37-A8B1-2D0BEB9CE5D3}"
EndProject
Project("{FAE04EC0-301F-11D3-BF4B-00C04F79EFBC}") = "FMY.Consoles.LuceneNet", "FMY.Consoles.LuceneNet\FMY.Consoles.LuceneNet.csproj", "{9155127E-DFF6-4E4F-AEC3-DF46C90AD16F}"
EndProject
Project("{FAE04EC0-301F-11D3-BF4B-00C04F79EFBC}") = "Lucene.Net", "Lucene.Net\Lucene.Net.csproj", "{5D4AD9BE-1FFB-41AB-9943-25737971BF57}"
EndProject
Project("{9A19103F-16F7-4668-BE54-9A1E7A4F7556}") = "ServiceStack.Redis", "ServiceStack.Redis\ServiceStack.Redis.csproj", "{63EF9A25-7B86-48AE-A64F-8C16FE890556}"
EndProject
Project("{2150E333-8FDC-42A3-9474-1A3956D46DE8}") = "Lucene", "Lucene", "{FBDF635C-3248-474E-861B-7DC83CF77504}"
EndProject
Project("{2150E333-8FDC-42A3-9474-1A3956D46DE8}") = "Redis", "Redis", "{B33CA9E1-89AC-40FE-BF72-2265B15FB595}"
EndProject
Project("{2150E333-8FDC-42A3-9474-1A3956D46DE8}") = "Mongo", "Mongo", "{B24B4AE4-8136-4D71-86D0-9A6FA883FFFC}"
EndProject
Project("{2150E333-8FDC-42A3-9474-1A3956D46DE8}") = "Castle", "Castle", "{BD7B71B9-26D6-4420-BBA5-C2AEEBE39E7D}"
EndProject
Project("{9A19103F-16F7-4668-BE54-9A1E7A4F7556}") = "Castle.Windsor", "Castle.Windsor\Castle.Windsor.csproj", "{26EBAD4F-83AF-431F-B62D-6782E746B242}"
EndProject
Project("{FAE04EC0-301F-11D3-BF4B-00C04F79EFBC}") = "Castle.Core", "Castle.Core\Castle.Core.csproj", "{E4FA5B53-7D36-429E-8E5C-53D5479242BA}"
EndProject
Global
	GlobalSection(SolutionConfigurationPlatforms) = preSolution
		Debug|Any CPU = Debug|Any CPU
		Debug35|Any CPU = Debug35|Any CPU
		NET35-Debug|Any CPU = NET35-Debug|Any CPU
		NET35-Release|Any CPU = NET35-Release|Any CPU
		NET40-Debug|Any CPU = NET40-Debug|Any CPU
		NET40-Release|Any CPU = NET40-Release|Any CPU
		NET45-Debug|Any CPU = NET45-Debug|Any CPU
		NET45-Release|Any CPU = NET45-Release|Any CPU
		Release|Any CPU = Release|Any CPU
		Release35|Any CPU = Release35|Any CPU
	EndGlobalSection
	GlobalSection(ProjectConfigurationPlatforms) = postSolution
		{29B4ACA0-71AF-497C-90D8-1B7925039EF5}.Debug|Any CPU.ActiveCfg = Debug|Any CPU
		{29B4ACA0-71AF-497C-90D8-1B7925039EF5}.Debug|Any CPU.Build.0 = Debug|Any CPU
		{29B4ACA0-71AF-497C-90D8-1B7925039EF5}.Debug35|Any CPU.ActiveCfg = Debug|Any CPU
		{29B4ACA0-71AF-497C-90D8-1B7925039EF5}.Debug35|Any CPU.Build.0 = Debug|Any CPU
		{29B4ACA0-71AF-497C-90D8-1B7925039EF5}.NET35-Debug|Any CPU.ActiveCfg = Debug|Any CPU
		{29B4ACA0-71AF-497C-90D8-1B7925039EF5}.NET35-Debug|Any CPU.Build.0 = Debug|Any CPU
		{29B4ACA0-71AF-497C-90D8-1B7925039EF5}.NET35-Release|Any CPU.ActiveCfg = Release|Any CPU
		{29B4ACA0-71AF-497C-90D8-1B7925039EF5}.NET35-Release|Any CPU.Build.0 = Release|Any CPU
		{29B4ACA0-71AF-497C-90D8-1B7925039EF5}.NET40-Debug|Any CPU.ActiveCfg = Debug|Any CPU
		{29B4ACA0-71AF-497C-90D8-1B7925039EF5}.NET40-Debug|Any CPU.Build.0 = Debug|Any CPU
		{29B4ACA0-71AF-497C-90D8-1B7925039EF5}.NET40-Release|Any CPU.ActiveCfg = Release|Any CPU
		{29B4ACA0-71AF-497C-90D8-1B7925039EF5}.NET40-Release|Any CPU.Build.0 = Release|Any CPU
		{29B4ACA0-71AF-497C-90D8-1B7925039EF5}.NET45-Debug|Any CPU.ActiveCfg = Debug|Any CPU
		{29B4ACA0-71AF-497C-90D8-1B7925039EF5}.NET45-Debug|Any CPU.Build.0 = Debug|Any CPU
		{29B4ACA0-71AF-497C-90D8-1B7925039EF5}.NET45-Release|Any CPU.ActiveCfg = Release|Any CPU
		{29B4ACA0-71AF-497C-90D8-1B7925039EF5}.NET45-Release|Any CPU.Build.0 = Release|Any CPU
		{29B4ACA0-71AF-497C-90D8-1B7925039EF5}.Release|Any CPU.ActiveCfg = Release|Any CPU
		{29B4ACA0-71AF-497C-90D8-1B7925039EF5}.Release|Any CPU.Build.0 = Release|Any CPU
		{29B4ACA0-71AF-497C-90D8-1B7925039EF5}.Release35|Any CPU.ActiveCfg = Release|Any CPU
		{29B4ACA0-71AF-497C-90D8-1B7925039EF5}.Release35|Any CPU.Build.0 = Release|Any CPU
		{67A3D63D-DDFD-4135-8A21-C455E7F23C68}.Debug|Any CPU.ActiveCfg = Debug|Any CPU
		{67A3D63D-DDFD-4135-8A21-C455E7F23C68}.Debug|Any CPU.Build.0 = Debug|Any CPU
		{67A3D63D-DDFD-4135-8A21-C455E7F23C68}.Debug35|Any CPU.ActiveCfg = Debug|Any CPU
		{67A3D63D-DDFD-4135-8A21-C455E7F23C68}.Debug35|Any CPU.Build.0 = Debug|Any CPU
		{67A3D63D-DDFD-4135-8A21-C455E7F23C68}.NET35-Debug|Any CPU.ActiveCfg = Debug|Any CPU
		{67A3D63D-DDFD-4135-8A21-C455E7F23C68}.NET35-Debug|Any CPU.Build.0 = Debug|Any CPU
		{67A3D63D-DDFD-4135-8A21-C455E7F23C68}.NET35-Release|Any CPU.ActiveCfg = Release|Any CPU
		{67A3D63D-DDFD-4135-8A21-C455E7F23C68}.NET35-Release|Any CPU.Build.0 = Release|Any CPU
		{67A3D63D-DDFD-4135-8A21-C455E7F23C68}.NET40-Debug|Any CPU.ActiveCfg = Debug|Any CPU
		{67A3D63D-DDFD-4135-8A21-C455E7F23C68}.NET40-Debug|Any CPU.Build.0 = Debug|Any CPU
		{67A3D63D-DDFD-4135-8A21-C455E7F23C68}.NET40-Release|Any CPU.ActiveCfg = Release|Any CPU
		{67A3D63D-DDFD-4135-8A21-C455E7F23C68}.NET40-Release|Any CPU.Build.0 = Release|Any CPU
		{67A3D63D-DDFD-4135-8A21-C455E7F23C68}.NET45-Debug|Any CPU.ActiveCfg = Debug|Any CPU
		{67A3D63D-DDFD-4135-8A21-C455E7F23C68}.NET45-Debug|Any CPU.Build.0 = Debug|Any CPU
		{67A3D63D-DDFD-4135-8A21-C455E7F23C68}.NET45-Release|Any CPU.ActiveCfg = Release|Any CPU
		{67A3D63D-DDFD-4135-8A21-C455E7F23C68}.NET45-Release|Any CPU.Build.0 = Release|Any CPU
		{67A3D63D-DDFD-4135-8A21-C455E7F23C68}.Release|Any CPU.ActiveCfg = Release|Any CPU
		{67A3D63D-DDFD-4135-8A21-C455E7F23C68}.Release|Any CPU.Build.0 = Release|Any CPU
		{67A3D63D-DDFD-4135-8A21-C455E7F23C68}.Release35|Any CPU.ActiveCfg = Release|Any CPU
		{67A3D63D-DDFD-4135-8A21-C455E7F23C68}.Release35|Any CPU.Build.0 = Release|Any CPU
		{D6A2A9BD-67F1-4869-9D70-85765173A17D}.Debug|Any CPU.ActiveCfg = Debug|Any CPU
		{D6A2A9BD-67F1-4869-9D70-85765173A17D}.Debug|Any CPU.Build.0 = Debug|Any CPU
		{D6A2A9BD-67F1-4869-9D70-85765173A17D}.Debug35|Any CPU.ActiveCfg = Debug|Any CPU
		{D6A2A9BD-67F1-4869-9D70-85765173A17D}.Debug35|Any CPU.Build.0 = Debug|Any CPU
		{D6A2A9BD-67F1-4869-9D70-85765173A17D}.NET35-Debug|Any CPU.ActiveCfg = Debug|Any CPU
		{D6A2A9BD-67F1-4869-9D70-85765173A17D}.NET35-Debug|Any CPU.Build.0 = Debug|Any CPU
		{D6A2A9BD-67F1-4869-9D70-85765173A17D}.NET35-Release|Any CPU.ActiveCfg = Release|Any CPU
		{D6A2A9BD-67F1-4869-9D70-85765173A17D}.NET35-Release|Any CPU.Build.0 = Release|Any CPU
		{D6A2A9BD-67F1-4869-9D70-85765173A17D}.NET40-Debug|Any CPU.ActiveCfg = Debug|Any CPU
		{D6A2A9BD-67F1-4869-9D70-85765173A17D}.NET40-Debug|Any CPU.Build.0 = Debug|Any CPU
		{D6A2A9BD-67F1-4869-9D70-85765173A17D}.NET40-Release|Any CPU.ActiveCfg = Release|Any CPU
		{D6A2A9BD-67F1-4869-9D70-85765173A17D}.NET40-Release|Any CPU.Build.0 = Release|Any CPU
		{D6A2A9BD-67F1-4869-9D70-85765173A17D}.NET45-Debug|Any CPU.ActiveCfg = Debug|Any CPU
		{D6A2A9BD-67F1-4869-9D70-85765173A17D}.NET45-Debug|Any CPU.Build.0 = Debug|Any CPU
		{D6A2A9BD-67F1-4869-9D70-85765173A17D}.NET45-Release|Any CPU.ActiveCfg = Release|Any CPU
		{D6A2A9BD-67F1-4869-9D70-85765173A17D}.NET45-Release|Any CPU.Build.0 = Release|Any CPU
		{D6A2A9BD-67F1-4869-9D70-85765173A17D}.Release|Any CPU.ActiveCfg = Release|Any CPU
		{D6A2A9BD-67F1-4869-9D70-85765173A17D}.Release|Any CPU.Build.0 = Release|Any CPU
		{D6A2A9BD-67F1-4869-9D70-85765173A17D}.Release35|Any CPU.ActiveCfg = Release|Any CPU
		{D6A2A9BD-67F1-4869-9D70-85765173A17D}.Release35|Any CPU.Build.0 = Release|Any CPU
		{3ED7159B-164E-434A-A46B-19D29E6D9800}.Debug|Any CPU.ActiveCfg = Debug|Any CPU
		{3ED7159B-164E-434A-A46B-19D29E6D9800}.Debug|Any CPU.Build.0 = Debug|Any CPU
		{3ED7159B-164E-434A-A46B-19D29E6D9800}.Debug35|Any CPU.ActiveCfg = Debug|Any CPU
		{3ED7159B-164E-434A-A46B-19D29E6D9800}.Debug35|Any CPU.Build.0 = Debug|Any CPU
		{3ED7159B-164E-434A-A46B-19D29E6D9800}.NET35-Debug|Any CPU.ActiveCfg = Debug|Any CPU
		{3ED7159B-164E-434A-A46B-19D29E6D9800}.NET35-Debug|Any CPU.Build.0 = Debug|Any CPU
		{3ED7159B-164E-434A-A46B-19D29E6D9800}.NET35-Release|Any CPU.ActiveCfg = Release|Any CPU
		{3ED7159B-164E-434A-A46B-19D29E6D9800}.NET35-Release|Any CPU.Build.0 = Release|Any CPU
		{3ED7159B-164E-434A-A46B-19D29E6D9800}.NET40-Debug|Any CPU.ActiveCfg = Debug|Any CPU
		{3ED7159B-164E-434A-A46B-19D29E6D9800}.NET40-Debug|Any CPU.Build.0 = Debug|Any CPU
		{3ED7159B-164E-434A-A46B-19D29E6D9800}.NET40-Release|Any CPU.ActiveCfg = Release|Any CPU
		{3ED7159B-164E-434A-A46B-19D29E6D9800}.NET40-Release|Any CPU.Build.0 = Release|Any CPU
		{3ED7159B-164E-434A-A46B-19D29E6D9800}.NET45-Debug|Any CPU.ActiveCfg = Debug|Any CPU
		{3ED7159B-164E-434A-A46B-19D29E6D9800}.NET45-Debug|Any CPU.Build.0 = Debug|Any CPU
		{3ED7159B-164E-434A-A46B-19D29E6D9800}.NET45-Release|Any CPU.ActiveCfg = Release|Any CPU
		{3ED7159B-164E-434A-A46B-19D29E6D9800}.NET45-Release|Any CPU.Build.0 = Release|Any CPU
		{3ED7159B-164E-434A-A46B-19D29E6D9800}.Release|Any CPU.ActiveCfg = Release|Any CPU
		{3ED7159B-164E-434A-A46B-19D29E6D9800}.Release|Any CPU.Build.0 = Release|Any CPU
		{3ED7159B-164E-434A-A46B-19D29E6D9800}.Release35|Any CPU.ActiveCfg = Release|Any CPU
		{3ED7159B-164E-434A-A46B-19D29E6D9800}.Release35|Any CPU.Build.0 = Release|Any CPU
		{D9B12358-23BF-4D5B-8382-335B555AB480}.Debug|Any CPU.ActiveCfg = Debug|Any CPU
		{D9B12358-23BF-4D5B-8382-335B555AB480}.Debug|Any CPU.Build.0 = Debug|Any CPU
		{D9B12358-23BF-4D5B-8382-335B555AB480}.Debug35|Any CPU.ActiveCfg = Debug|Any CPU
		{D9B12358-23BF-4D5B-8382-335B555AB480}.Debug35|Any CPU.Build.0 = Debug|Any CPU
		{D9B12358-23BF-4D5B-8382-335B555AB480}.NET35-Debug|Any CPU.ActiveCfg = Debug|Any CPU
		{D9B12358-23BF-4D5B-8382-335B555AB480}.NET35-Debug|Any CPU.Build.0 = Debug|Any CPU
		{D9B12358-23BF-4D5B-8382-335B555AB480}.NET35-Release|Any CPU.ActiveCfg = Release|Any CPU
		{D9B12358-23BF-4D5B-8382-335B555AB480}.NET35-Release|Any CPU.Build.0 = Release|Any CPU
		{D9B12358-23BF-4D5B-8382-335B555AB480}.NET40-Debug|Any CPU.ActiveCfg = Debug|Any CPU
		{D9B12358-23BF-4D5B-8382-335B555AB480}.NET40-Debug|Any CPU.Build.0 = Debug|Any CPU
		{D9B12358-23BF-4D5B-8382-335B555AB480}.NET40-Release|Any CPU.ActiveCfg = Release|Any CPU
		{D9B12358-23BF-4D5B-8382-335B555AB480}.NET40-Release|Any CPU.Build.0 = Release|Any CPU
		{D9B12358-23BF-4D5B-8382-335B555AB480}.NET45-Debug|Any CPU.ActiveCfg = Debug|Any CPU
		{D9B12358-23BF-4D5B-8382-335B555AB480}.NET45-Debug|Any CPU.Build.0 = Debug|Any CPU
		{D9B12358-23BF-4D5B-8382-335B555AB480}.NET45-Release|Any CPU.ActiveCfg = Release|Any CPU
		{D9B12358-23BF-4D5B-8382-335B555AB480}.NET45-Release|Any CPU.Build.0 = Release|Any CPU
		{D9B12358-23BF-4D5B-8382-335B555AB480}.Release|Any CPU.ActiveCfg = Release|Any CPU
		{D9B12358-23BF-4D5B-8382-335B555AB480}.Release|Any CPU.Build.0 = Release|Any CPU
		{D9B12358-23BF-4D5B-8382-335B555AB480}.Release35|Any CPU.ActiveCfg = Release|Any CPU
		{D9B12358-23BF-4D5B-8382-335B555AB480}.Release35|Any CPU.Build.0 = Release|Any CPU
		{2D1AAC84-CAF9-4E37-91D8-C0A8B526F2CD}.Debug|Any CPU.ActiveCfg = Debug|Any CPU
		{2D1AAC84-CAF9-4E37-91D8-C0A8B526F2CD}.Debug|Any CPU.Build.0 = Debug|Any CPU
		{2D1AAC84-CAF9-4E37-91D8-C0A8B526F2CD}.Debug35|Any CPU.ActiveCfg = Debug|Any CPU
		{2D1AAC84-CAF9-4E37-91D8-C0A8B526F2CD}.Debug35|Any CPU.Build.0 = Debug|Any CPU
		{2D1AAC84-CAF9-4E37-91D8-C0A8B526F2CD}.NET35-Debug|Any CPU.ActiveCfg = Debug|Any CPU
		{2D1AAC84-CAF9-4E37-91D8-C0A8B526F2CD}.NET35-Debug|Any CPU.Build.0 = Debug|Any CPU
		{2D1AAC84-CAF9-4E37-91D8-C0A8B526F2CD}.NET35-Release|Any CPU.ActiveCfg = Release|Any CPU
		{2D1AAC84-CAF9-4E37-91D8-C0A8B526F2CD}.NET35-Release|Any CPU.Build.0 = Release|Any CPU
		{2D1AAC84-CAF9-4E37-91D8-C0A8B526F2CD}.NET40-Debug|Any CPU.ActiveCfg = Debug|Any CPU
		{2D1AAC84-CAF9-4E37-91D8-C0A8B526F2CD}.NET40-Debug|Any CPU.Build.0 = Debug|Any CPU
		{2D1AAC84-CAF9-4E37-91D8-C0A8B526F2CD}.NET40-Release|Any CPU.ActiveCfg = Release|Any CPU
		{2D1AAC84-CAF9-4E37-91D8-C0A8B526F2CD}.NET40-Release|Any CPU.Build.0 = Release|Any CPU
		{2D1AAC84-CAF9-4E37-91D8-C0A8B526F2CD}.NET45-Debug|Any CPU.ActiveCfg = Debug|Any CPU
		{2D1AAC84-CAF9-4E37-91D8-C0A8B526F2CD}.NET45-Debug|Any CPU.Build.0 = Debug|Any CPU
		{2D1AAC84-CAF9-4E37-91D8-C0A8B526F2CD}.NET45-Release|Any CPU.ActiveCfg = Release|Any CPU
		{2D1AAC84-CAF9-4E37-91D8-C0A8B526F2CD}.NET45-Release|Any CPU.Build.0 = Release|Any CPU
		{2D1AAC84-CAF9-4E37-91D8-C0A8B526F2CD}.Release|Any CPU.ActiveCfg = Release|Any CPU
		{2D1AAC84-CAF9-4E37-91D8-C0A8B526F2CD}.Release|Any CPU.Build.0 = Release|Any CPU
		{2D1AAC84-CAF9-4E37-91D8-C0A8B526F2CD}.Release35|Any CPU.ActiveCfg = Release|Any CPU
		{2D1AAC84-CAF9-4E37-91D8-C0A8B526F2CD}.Release35|Any CPU.Build.0 = Release|Any CPU
		{38BBC16D-BD23-4175-876B-D80D365A1238}.Debug|Any CPU.ActiveCfg = Debug|Any CPU
		{38BBC16D-BD23-4175-876B-D80D365A1238}.Debug|Any CPU.Build.0 = Debug|Any CPU
		{38BBC16D-BD23-4175-876B-D80D365A1238}.Debug35|Any CPU.ActiveCfg = Debug|Any CPU
		{38BBC16D-BD23-4175-876B-D80D365A1238}.Debug35|Any CPU.Build.0 = Debug|Any CPU
		{38BBC16D-BD23-4175-876B-D80D365A1238}.NET35-Debug|Any CPU.ActiveCfg = Debug|Any CPU
		{38BBC16D-BD23-4175-876B-D80D365A1238}.NET35-Debug|Any CPU.Build.0 = Debug|Any CPU
		{38BBC16D-BD23-4175-876B-D80D365A1238}.NET35-Release|Any CPU.ActiveCfg = Release|Any CPU
		{38BBC16D-BD23-4175-876B-D80D365A1238}.NET35-Release|Any CPU.Build.0 = Release|Any CPU
		{38BBC16D-BD23-4175-876B-D80D365A1238}.NET40-Debug|Any CPU.ActiveCfg = Debug|Any CPU
		{38BBC16D-BD23-4175-876B-D80D365A1238}.NET40-Debug|Any CPU.Build.0 = Debug|Any CPU
		{38BBC16D-BD23-4175-876B-D80D365A1238}.NET40-Release|Any CPU.ActiveCfg = Release|Any CPU
		{38BBC16D-BD23-4175-876B-D80D365A1238}.NET40-Release|Any CPU.Build.0 = Release|Any CPU
		{38BBC16D-BD23-4175-876B-D80D365A1238}.NET45-Debug|Any CPU.ActiveCfg = Debug|Any CPU
		{38BBC16D-BD23-4175-876B-D80D365A1238}.NET45-Debug|Any CPU.Build.0 = Debug|Any CPU
		{38BBC16D-BD23-4175-876B-D80D365A1238}.NET45-Release|Any CPU.ActiveCfg = Release|Any CPU
		{38BBC16D-BD23-4175-876B-D80D365A1238}.NET45-Release|Any CPU.Build.0 = Release|Any CPU
		{38BBC16D-BD23-4175-876B-D80D365A1238}.Release|Any CPU.ActiveCfg = Release|Any CPU
		{38BBC16D-BD23-4175-876B-D80D365A1238}.Release|Any CPU.Build.0 = Release|Any CPU
		{38BBC16D-BD23-4175-876B-D80D365A1238}.Release35|Any CPU.ActiveCfg = Release|Any CPU
		{38BBC16D-BD23-4175-876B-D80D365A1238}.Release35|Any CPU.Build.0 = Release|Any CPU
		{6DFD7091-64BC-4A1F-A881-7F66DC90EFF1}.Debug|Any CPU.ActiveCfg = Debug|Any CPU
		{6DFD7091-64BC-4A1F-A881-7F66DC90EFF1}.Debug|Any CPU.Build.0 = Debug|Any CPU
		{6DFD7091-64BC-4A1F-A881-7F66DC90EFF1}.Debug35|Any CPU.ActiveCfg = Debug|Any CPU
		{6DFD7091-64BC-4A1F-A881-7F66DC90EFF1}.Debug35|Any CPU.Build.0 = Debug|Any CPU
		{6DFD7091-64BC-4A1F-A881-7F66DC90EFF1}.NET35-Debug|Any CPU.ActiveCfg = Debug|Any CPU
		{6DFD7091-64BC-4A1F-A881-7F66DC90EFF1}.NET35-Debug|Any CPU.Build.0 = Debug|Any CPU
		{6DFD7091-64BC-4A1F-A881-7F66DC90EFF1}.NET35-Release|Any CPU.ActiveCfg = Release|Any CPU
		{6DFD7091-64BC-4A1F-A881-7F66DC90EFF1}.NET35-Release|Any CPU.Build.0 = Release|Any CPU
		{6DFD7091-64BC-4A1F-A881-7F66DC90EFF1}.NET40-Debug|Any CPU.ActiveCfg = Debug|Any CPU
		{6DFD7091-64BC-4A1F-A881-7F66DC90EFF1}.NET40-Debug|Any CPU.Build.0 = Debug|Any CPU
		{6DFD7091-64BC-4A1F-A881-7F66DC90EFF1}.NET40-Release|Any CPU.ActiveCfg = Release|Any CPU
		{6DFD7091-64BC-4A1F-A881-7F66DC90EFF1}.NET40-Release|Any CPU.Build.0 = Release|Any CPU
		{6DFD7091-64BC-4A1F-A881-7F66DC90EFF1}.NET45-Debug|Any CPU.ActiveCfg = Debug|Any CPU
		{6DFD7091-64BC-4A1F-A881-7F66DC90EFF1}.NET45-Debug|Any CPU.Build.0 = Debug|Any CPU
		{6DFD7091-64BC-4A1F-A881-7F66DC90EFF1}.NET45-Release|Any CPU.ActiveCfg = Release|Any CPU
		{6DFD7091-64BC-4A1F-A881-7F66DC90EFF1}.NET45-Release|Any CPU.Build.0 = Release|Any CPU
		{6DFD7091-64BC-4A1F-A881-7F66DC90EFF1}.Release|Any CPU.ActiveCfg = Release|Any CPU
		{6DFD7091-64BC-4A1F-A881-7F66DC90EFF1}.Release|Any CPU.Build.0 = Release|Any CPU
		{6DFD7091-64BC-4A1F-A881-7F66DC90EFF1}.Release35|Any CPU.ActiveCfg = Release|Any CPU
		{6DFD7091-64BC-4A1F-A881-7F66DC90EFF1}.Release35|Any CPU.Build.0 = Release|Any CPU
		{CC16C52D-9E97-4017-924D-DC3F2477E529}.Debug|Any CPU.ActiveCfg = Debug|Any CPU
		{CC16C52D-9E97-4017-924D-DC3F2477E529}.Debug|Any CPU.Build.0 = Debug|Any CPU
		{CC16C52D-9E97-4017-924D-DC3F2477E529}.Debug35|Any CPU.ActiveCfg = Debug|Any CPU
		{CC16C52D-9E97-4017-924D-DC3F2477E529}.Debug35|Any CPU.Build.0 = Debug|Any CPU
		{CC16C52D-9E97-4017-924D-DC3F2477E529}.NET35-Debug|Any CPU.ActiveCfg = Debug|Any CPU
		{CC16C52D-9E97-4017-924D-DC3F2477E529}.NET35-Debug|Any CPU.Build.0 = Debug|Any CPU
		{CC16C52D-9E97-4017-924D-DC3F2477E529}.NET35-Release|Any CPU.ActiveCfg = Release|Any CPU
		{CC16C52D-9E97-4017-924D-DC3F2477E529}.NET35-Release|Any CPU.Build.0 = Release|Any CPU
		{CC16C52D-9E97-4017-924D-DC3F2477E529}.NET40-Debug|Any CPU.ActiveCfg = Debug|Any CPU
		{CC16C52D-9E97-4017-924D-DC3F2477E529}.NET40-Debug|Any CPU.Build.0 = Debug|Any CPU
		{CC16C52D-9E97-4017-924D-DC3F2477E529}.NET40-Release|Any CPU.ActiveCfg = Release|Any CPU
		{CC16C52D-9E97-4017-924D-DC3F2477E529}.NET40-Release|Any CPU.Build.0 = Release|Any CPU
		{CC16C52D-9E97-4017-924D-DC3F2477E529}.NET45-Debug|Any CPU.ActiveCfg = Debug|Any CPU
		{CC16C52D-9E97-4017-924D-DC3F2477E529}.NET45-Debug|Any CPU.Build.0 = Debug|Any CPU
		{CC16C52D-9E97-4017-924D-DC3F2477E529}.NET45-Release|Any CPU.ActiveCfg = Release|Any CPU
		{CC16C52D-9E97-4017-924D-DC3F2477E529}.NET45-Release|Any CPU.Build.0 = Release|Any CPU
		{CC16C52D-9E97-4017-924D-DC3F2477E529}.Release|Any CPU.ActiveCfg = Release|Any CPU
		{CC16C52D-9E97-4017-924D-DC3F2477E529}.Release|Any CPU.Build.0 = Release|Any CPU
		{CC16C52D-9E97-4017-924D-DC3F2477E529}.Release35|Any CPU.ActiveCfg = Release|Any CPU
		{CC16C52D-9E97-4017-924D-DC3F2477E529}.Release35|Any CPU.Build.0 = Release|Any CPU
		{4478BD25-AEC8-4701-BC6C-FCC791859B62}.Debug|Any CPU.ActiveCfg = Debug|Any CPU
		{4478BD25-AEC8-4701-BC6C-FCC791859B62}.Debug|Any CPU.Build.0 = Debug|Any CPU
		{4478BD25-AEC8-4701-BC6C-FCC791859B62}.Debug35|Any CPU.ActiveCfg = Debug|Any CPU
		{4478BD25-AEC8-4701-BC6C-FCC791859B62}.Debug35|Any CPU.Build.0 = Debug|Any CPU
		{4478BD25-AEC8-4701-BC6C-FCC791859B62}.NET35-Debug|Any CPU.ActiveCfg = Debug|Any CPU
		{4478BD25-AEC8-4701-BC6C-FCC791859B62}.NET35-Debug|Any CPU.Build.0 = Debug|Any CPU
		{4478BD25-AEC8-4701-BC6C-FCC791859B62}.NET35-Release|Any CPU.ActiveCfg = Release|Any CPU
		{4478BD25-AEC8-4701-BC6C-FCC791859B62}.NET35-Release|Any CPU.Build.0 = Release|Any CPU
		{4478BD25-AEC8-4701-BC6C-FCC791859B62}.NET40-Debug|Any CPU.ActiveCfg = Debug|Any CPU
		{4478BD25-AEC8-4701-BC6C-FCC791859B62}.NET40-Debug|Any CPU.Build.0 = Debug|Any CPU
		{4478BD25-AEC8-4701-BC6C-FCC791859B62}.NET40-Release|Any CPU.ActiveCfg = Release|Any CPU
		{4478BD25-AEC8-4701-BC6C-FCC791859B62}.NET40-Release|Any CPU.Build.0 = Release|Any CPU
		{4478BD25-AEC8-4701-BC6C-FCC791859B62}.NET45-Debug|Any CPU.ActiveCfg = Debug|Any CPU
		{4478BD25-AEC8-4701-BC6C-FCC791859B62}.NET45-Debug|Any CPU.Build.0 = Debug|Any CPU
		{4478BD25-AEC8-4701-BC6C-FCC791859B62}.NET45-Release|Any CPU.ActiveCfg = Release|Any CPU
		{4478BD25-AEC8-4701-BC6C-FCC791859B62}.NET45-Release|Any CPU.Build.0 = Release|Any CPU
		{4478BD25-AEC8-4701-BC6C-FCC791859B62}.Release|Any CPU.ActiveCfg = Release|Any CPU
		{4478BD25-AEC8-4701-BC6C-FCC791859B62}.Release|Any CPU.Build.0 = Release|Any CPU
		{4478BD25-AEC8-4701-BC6C-FCC791859B62}.Release35|Any CPU.ActiveCfg = Release|Any CPU
		{4478BD25-AEC8-4701-BC6C-FCC791859B62}.Release35|Any CPU.Build.0 = Release|Any CPU
		{41B975A3-C36C-4F41-A688-2FFB69423D30}.Debug|Any CPU.ActiveCfg = Debug|Any CPU
		{41B975A3-C36C-4F41-A688-2FFB69423D30}.Debug|Any CPU.Build.0 = Debug|Any CPU
		{41B975A3-C36C-4F41-A688-2FFB69423D30}.Debug35|Any CPU.ActiveCfg = Debug|Any CPU
		{41B975A3-C36C-4F41-A688-2FFB69423D30}.Debug35|Any CPU.Build.0 = Debug|Any CPU
		{41B975A3-C36C-4F41-A688-2FFB69423D30}.NET35-Debug|Any CPU.ActiveCfg = Debug|Any CPU
		{41B975A3-C36C-4F41-A688-2FFB69423D30}.NET35-Debug|Any CPU.Build.0 = Debug|Any CPU
		{41B975A3-C36C-4F41-A688-2FFB69423D30}.NET35-Release|Any CPU.ActiveCfg = Release|Any CPU
		{41B975A3-C36C-4F41-A688-2FFB69423D30}.NET35-Release|Any CPU.Build.0 = Release|Any CPU
		{41B975A3-C36C-4F41-A688-2FFB69423D30}.NET40-Debug|Any CPU.ActiveCfg = Debug|Any CPU
		{41B975A3-C36C-4F41-A688-2FFB69423D30}.NET40-Debug|Any CPU.Build.0 = Debug|Any CPU
		{41B975A3-C36C-4F41-A688-2FFB69423D30}.NET40-Release|Any CPU.ActiveCfg = Release|Any CPU
		{41B975A3-C36C-4F41-A688-2FFB69423D30}.NET40-Release|Any CPU.Build.0 = Release|Any CPU
		{41B975A3-C36C-4F41-A688-2FFB69423D30}.NET45-Debug|Any CPU.ActiveCfg = Debug|Any CPU
		{41B975A3-C36C-4F41-A688-2FFB69423D30}.NET45-Debug|Any CPU.Build.0 = Debug|Any CPU
		{41B975A3-C36C-4F41-A688-2FFB69423D30}.NET45-Release|Any CPU.ActiveCfg = Release|Any CPU
		{41B975A3-C36C-4F41-A688-2FFB69423D30}.NET45-Release|Any CPU.Build.0 = Release|Any CPU
		{41B975A3-C36C-4F41-A688-2FFB69423D30}.Release|Any CPU.ActiveCfg = Release|Any CPU
		{41B975A3-C36C-4F41-A688-2FFB69423D30}.Release|Any CPU.Build.0 = Release|Any CPU
		{41B975A3-C36C-4F41-A688-2FFB69423D30}.Release35|Any CPU.ActiveCfg = Release|Any CPU
		{41B975A3-C36C-4F41-A688-2FFB69423D30}.Release35|Any CPU.Build.0 = Release|Any CPU
		{F78A9714-FDAE-42D5-A87F-6925E1536AF4}.Debug|Any CPU.ActiveCfg = Debug|Any CPU
		{F78A9714-FDAE-42D5-A87F-6925E1536AF4}.Debug|Any CPU.Build.0 = Debug|Any CPU
		{F78A9714-FDAE-42D5-A87F-6925E1536AF4}.Debug35|Any CPU.ActiveCfg = Debug|Any CPU
		{F78A9714-FDAE-42D5-A87F-6925E1536AF4}.Debug35|Any CPU.Build.0 = Debug|Any CPU
		{F78A9714-FDAE-42D5-A87F-6925E1536AF4}.NET35-Debug|Any CPU.ActiveCfg = Debug|Any CPU
		{F78A9714-FDAE-42D5-A87F-6925E1536AF4}.NET35-Debug|Any CPU.Build.0 = Debug|Any CPU
		{F78A9714-FDAE-42D5-A87F-6925E1536AF4}.NET35-Release|Any CPU.ActiveCfg = Release|Any CPU
		{F78A9714-FDAE-42D5-A87F-6925E1536AF4}.NET35-Release|Any CPU.Build.0 = Release|Any CPU
		{F78A9714-FDAE-42D5-A87F-6925E1536AF4}.NET40-Debug|Any CPU.ActiveCfg = Debug|Any CPU
		{F78A9714-FDAE-42D5-A87F-6925E1536AF4}.NET40-Debug|Any CPU.Build.0 = Debug|Any CPU
		{F78A9714-FDAE-42D5-A87F-6925E1536AF4}.NET40-Release|Any CPU.ActiveCfg = Release|Any CPU
		{F78A9714-FDAE-42D5-A87F-6925E1536AF4}.NET40-Release|Any CPU.Build.0 = Release|Any CPU
		{F78A9714-FDAE-42D5-A87F-6925E1536AF4}.NET45-Debug|Any CPU.ActiveCfg = Debug|Any CPU
		{F78A9714-FDAE-42D5-A87F-6925E1536AF4}.NET45-Debug|Any CPU.Build.0 = Debug|Any CPU
		{F78A9714-FDAE-42D5-A87F-6925E1536AF4}.NET45-Release|Any CPU.ActiveCfg = Release|Any CPU
		{F78A9714-FDAE-42D5-A87F-6925E1536AF4}.NET45-Release|Any CPU.Build.0 = Release|Any CPU
		{F78A9714-FDAE-42D5-A87F-6925E1536AF4}.Release|Any CPU.ActiveCfg = Release|Any CPU
		{F78A9714-FDAE-42D5-A87F-6925E1536AF4}.Release|Any CPU.Build.0 = Release|Any CPU
		{F78A9714-FDAE-42D5-A87F-6925E1536AF4}.Release35|Any CPU.ActiveCfg = Release|Any CPU
		{F78A9714-FDAE-42D5-A87F-6925E1536AF4}.Release35|Any CPU.Build.0 = Release|Any CPU
		{71239CAA-348C-42CA-8016-3C411AE36BDE}.Debug|Any CPU.ActiveCfg = Debug|Any CPU
		{71239CAA-348C-42CA-8016-3C411AE36BDE}.Debug|Any CPU.Build.0 = Debug|Any CPU
		{71239CAA-348C-42CA-8016-3C411AE36BDE}.Debug35|Any CPU.ActiveCfg = Debug|Any CPU
		{71239CAA-348C-42CA-8016-3C411AE36BDE}.Debug35|Any CPU.Build.0 = Debug|Any CPU
		{71239CAA-348C-42CA-8016-3C411AE36BDE}.NET35-Debug|Any CPU.ActiveCfg = Debug|Any CPU
		{71239CAA-348C-42CA-8016-3C411AE36BDE}.NET35-Debug|Any CPU.Build.0 = Debug|Any CPU
		{71239CAA-348C-42CA-8016-3C411AE36BDE}.NET35-Release|Any CPU.ActiveCfg = Release|Any CPU
		{71239CAA-348C-42CA-8016-3C411AE36BDE}.NET35-Release|Any CPU.Build.0 = Release|Any CPU
		{71239CAA-348C-42CA-8016-3C411AE36BDE}.NET40-Debug|Any CPU.ActiveCfg = Debug|Any CPU
		{71239CAA-348C-42CA-8016-3C411AE36BDE}.NET40-Debug|Any CPU.Build.0 = Debug|Any CPU
		{71239CAA-348C-42CA-8016-3C411AE36BDE}.NET40-Release|Any CPU.ActiveCfg = Release|Any CPU
		{71239CAA-348C-42CA-8016-3C411AE36BDE}.NET40-Release|Any CPU.Build.0 = Release|Any CPU
		{71239CAA-348C-42CA-8016-3C411AE36BDE}.NET45-Debug|Any CPU.ActiveCfg = Debug|Any CPU
		{71239CAA-348C-42CA-8016-3C411AE36BDE}.NET45-Debug|Any CPU.Build.0 = Debug|Any CPU
		{71239CAA-348C-42CA-8016-3C411AE36BDE}.NET45-Release|Any CPU.ActiveCfg = Release|Any CPU
		{71239CAA-348C-42CA-8016-3C411AE36BDE}.NET45-Release|Any CPU.Build.0 = Release|Any CPU
		{71239CAA-348C-42CA-8016-3C411AE36BDE}.Release|Any CPU.ActiveCfg = Release|Any CPU
		{71239CAA-348C-42CA-8016-3C411AE36BDE}.Release|Any CPU.Build.0 = Release|Any CPU
		{71239CAA-348C-42CA-8016-3C411AE36BDE}.Release35|Any CPU.ActiveCfg = Release|Any CPU
		{71239CAA-348C-42CA-8016-3C411AE36BDE}.Release35|Any CPU.Build.0 = Release|Any CPU
		{76A99C33-BAAC-4EDD-A0EB-A4B597578E5C}.Debug|Any CPU.ActiveCfg = Debug|Any CPU
		{76A99C33-BAAC-4EDD-A0EB-A4B597578E5C}.Debug|Any CPU.Build.0 = Debug|Any CPU
		{76A99C33-BAAC-4EDD-A0EB-A4B597578E5C}.Debug35|Any CPU.ActiveCfg = Debug|Any CPU
		{76A99C33-BAAC-4EDD-A0EB-A4B597578E5C}.Debug35|Any CPU.Build.0 = Debug|Any CPU
		{76A99C33-BAAC-4EDD-A0EB-A4B597578E5C}.NET35-Debug|Any CPU.ActiveCfg = Debug|Any CPU
		{76A99C33-BAAC-4EDD-A0EB-A4B597578E5C}.NET35-Debug|Any CPU.Build.0 = Debug|Any CPU
		{76A99C33-BAAC-4EDD-A0EB-A4B597578E5C}.NET35-Release|Any CPU.ActiveCfg = Release|Any CPU
		{76A99C33-BAAC-4EDD-A0EB-A4B597578E5C}.NET35-Release|Any CPU.Build.0 = Release|Any CPU
		{76A99C33-BAAC-4EDD-A0EB-A4B597578E5C}.NET40-Debug|Any CPU.ActiveCfg = Debug|Any CPU
		{76A99C33-BAAC-4EDD-A0EB-A4B597578E5C}.NET40-Debug|Any CPU.Build.0 = Debug|Any CPU
		{76A99C33-BAAC-4EDD-A0EB-A4B597578E5C}.NET40-Release|Any CPU.ActiveCfg = Release|Any CPU
		{76A99C33-BAAC-4EDD-A0EB-A4B597578E5C}.NET40-Release|Any CPU.Build.0 = Release|Any CPU
		{76A99C33-BAAC-4EDD-A0EB-A4B597578E5C}.NET45-Debug|Any CPU.ActiveCfg = Debug|Any CPU
		{76A99C33-BAAC-4EDD-A0EB-A4B597578E5C}.NET45-Debug|Any CPU.Build.0 = Debug|Any CPU
		{76A99C33-BAAC-4EDD-A0EB-A4B597578E5C}.NET45-Release|Any CPU.ActiveCfg = Release|Any CPU
		{76A99C33-BAAC-4EDD-A0EB-A4B597578E5C}.NET45-Release|Any CPU.Build.0 = Release|Any CPU
		{76A99C33-BAAC-4EDD-A0EB-A4B597578E5C}.Release|Any CPU.ActiveCfg = Release|Any CPU
		{76A99C33-BAAC-4EDD-A0EB-A4B597578E5C}.Release|Any CPU.Build.0 = Release|Any CPU
		{76A99C33-BAAC-4EDD-A0EB-A4B597578E5C}.Release35|Any CPU.ActiveCfg = Release|Any CPU
		{76A99C33-BAAC-4EDD-A0EB-A4B597578E5C}.Release35|Any CPU.Build.0 = Release|Any CPU
		{82691486-C53C-4962-A01B-542EA5278AD9}.Debug|Any CPU.ActiveCfg = Debug|Any CPU
		{82691486-C53C-4962-A01B-542EA5278AD9}.Debug|Any CPU.Build.0 = Debug|Any CPU
		{82691486-C53C-4962-A01B-542EA5278AD9}.Debug35|Any CPU.ActiveCfg = Debug|Any CPU
		{82691486-C53C-4962-A01B-542EA5278AD9}.Debug35|Any CPU.Build.0 = Debug|Any CPU
		{82691486-C53C-4962-A01B-542EA5278AD9}.NET35-Debug|Any CPU.ActiveCfg = Debug|Any CPU
		{82691486-C53C-4962-A01B-542EA5278AD9}.NET35-Debug|Any CPU.Build.0 = Debug|Any CPU
		{82691486-C53C-4962-A01B-542EA5278AD9}.NET35-Release|Any CPU.ActiveCfg = Release|Any CPU
		{82691486-C53C-4962-A01B-542EA5278AD9}.NET35-Release|Any CPU.Build.0 = Release|Any CPU
		{82691486-C53C-4962-A01B-542EA5278AD9}.NET40-Debug|Any CPU.ActiveCfg = Debug|Any CPU
		{82691486-C53C-4962-A01B-542EA5278AD9}.NET40-Debug|Any CPU.Build.0 = Debug|Any CPU
		{82691486-C53C-4962-A01B-542EA5278AD9}.NET40-Release|Any CPU.ActiveCfg = Release|Any CPU
		{82691486-C53C-4962-A01B-542EA5278AD9}.NET40-Release|Any CPU.Build.0 = Release|Any CPU
		{82691486-C53C-4962-A01B-542EA5278AD9}.NET45-Debug|Any CPU.ActiveCfg = Debug|Any CPU
		{82691486-C53C-4962-A01B-542EA5278AD9}.NET45-Debug|Any CPU.Build.0 = Debug|Any CPU
		{82691486-C53C-4962-A01B-542EA5278AD9}.NET45-Release|Any CPU.ActiveCfg = Release|Any CPU
		{82691486-C53C-4962-A01B-542EA5278AD9}.NET45-Release|Any CPU.Build.0 = Release|Any CPU
		{82691486-C53C-4962-A01B-542EA5278AD9}.Release|Any CPU.ActiveCfg = Release|Any CPU
		{82691486-C53C-4962-A01B-542EA5278AD9}.Release|Any CPU.Build.0 = Release|Any CPU
		{82691486-C53C-4962-A01B-542EA5278AD9}.Release35|Any CPU.ActiveCfg = Release|Any CPU
		{82691486-C53C-4962-A01B-542EA5278AD9}.Release35|Any CPU.Build.0 = Release|Any CPU
		{4BEBCBE9-DDFC-4F28-B28B-12AA24CFEE09}.Debug|Any CPU.ActiveCfg = Debug|Any CPU
		{4BEBCBE9-DDFC-4F28-B28B-12AA24CFEE09}.Debug|Any CPU.Build.0 = Debug|Any CPU
		{4BEBCBE9-DDFC-4F28-B28B-12AA24CFEE09}.Debug35|Any CPU.ActiveCfg = Debug|Any CPU
		{4BEBCBE9-DDFC-4F28-B28B-12AA24CFEE09}.Debug35|Any CPU.Build.0 = Debug|Any CPU
		{4BEBCBE9-DDFC-4F28-B28B-12AA24CFEE09}.NET35-Debug|Any CPU.ActiveCfg = Debug|Any CPU
		{4BEBCBE9-DDFC-4F28-B28B-12AA24CFEE09}.NET35-Debug|Any CPU.Build.0 = Debug|Any CPU
		{4BEBCBE9-DDFC-4F28-B28B-12AA24CFEE09}.NET35-Release|Any CPU.ActiveCfg = Release|Any CPU
		{4BEBCBE9-DDFC-4F28-B28B-12AA24CFEE09}.NET35-Release|Any CPU.Build.0 = Release|Any CPU
		{4BEBCBE9-DDFC-4F28-B28B-12AA24CFEE09}.NET40-Debug|Any CPU.ActiveCfg = Debug|Any CPU
		{4BEBCBE9-DDFC-4F28-B28B-12AA24CFEE09}.NET40-Debug|Any CPU.Build.0 = Debug|Any CPU
		{4BEBCBE9-DDFC-4F28-B28B-12AA24CFEE09}.NET40-Release|Any CPU.ActiveCfg = Release|Any CPU
		{4BEBCBE9-DDFC-4F28-B28B-12AA24CFEE09}.NET40-Release|Any CPU.Build.0 = Release|Any CPU
		{4BEBCBE9-DDFC-4F28-B28B-12AA24CFEE09}.NET45-Debug|Any CPU.ActiveCfg = Debug|Any CPU
		{4BEBCBE9-DDFC-4F28-B28B-12AA24CFEE09}.NET45-Debug|Any CPU.Build.0 = Debug|Any CPU
		{4BEBCBE9-DDFC-4F28-B28B-12AA24CFEE09}.NET45-Release|Any CPU.ActiveCfg = Release|Any CPU
		{4BEBCBE9-DDFC-4F28-B28B-12AA24CFEE09}.NET45-Release|Any CPU.Build.0 = Release|Any CPU
		{4BEBCBE9-DDFC-4F28-B28B-12AA24CFEE09}.Release|Any CPU.ActiveCfg = Release|Any CPU
		{4BEBCBE9-DDFC-4F28-B28B-12AA24CFEE09}.Release|Any CPU.Build.0 = Release|Any CPU
		{4BEBCBE9-DDFC-4F28-B28B-12AA24CFEE09}.Release35|Any CPU.ActiveCfg = Release|Any CPU
		{4BEBCBE9-DDFC-4F28-B28B-12AA24CFEE09}.Release35|Any CPU.Build.0 = Release|Any CPU
		{F6FFA452-43ED-4E37-A8B1-2D0BEB9CE5D3}.Debug|Any CPU.ActiveCfg = Debug|Any CPU
		{F6FFA452-43ED-4E37-A8B1-2D0BEB9CE5D3}.Debug|Any CPU.Build.0 = Debug|Any CPU
		{F6FFA452-43ED-4E37-A8B1-2D0BEB9CE5D3}.Debug35|Any CPU.ActiveCfg = Debug|Any CPU
		{F6FFA452-43ED-4E37-A8B1-2D0BEB9CE5D3}.Debug35|Any CPU.Build.0 = Debug|Any CPU
		{F6FFA452-43ED-4E37-A8B1-2D0BEB9CE5D3}.NET35-Debug|Any CPU.ActiveCfg = Debug|Any CPU
		{F6FFA452-43ED-4E37-A8B1-2D0BEB9CE5D3}.NET35-Debug|Any CPU.Build.0 = Debug|Any CPU
		{F6FFA452-43ED-4E37-A8B1-2D0BEB9CE5D3}.NET35-Release|Any CPU.ActiveCfg = Release|Any CPU
		{F6FFA452-43ED-4E37-A8B1-2D0BEB9CE5D3}.NET35-Release|Any CPU.Build.0 = Release|Any CPU
		{F6FFA452-43ED-4E37-A8B1-2D0BEB9CE5D3}.NET40-Debug|Any CPU.ActiveCfg = Debug|Any CPU
		{F6FFA452-43ED-4E37-A8B1-2D0BEB9CE5D3}.NET40-Debug|Any CPU.Build.0 = Debug|Any CPU
		{F6FFA452-43ED-4E37-A8B1-2D0BEB9CE5D3}.NET40-Release|Any CPU.ActiveCfg = Release|Any CPU
		{F6FFA452-43ED-4E37-A8B1-2D0BEB9CE5D3}.NET40-Release|Any CPU.Build.0 = Release|Any CPU
		{F6FFA452-43ED-4E37-A8B1-2D0BEB9CE5D3}.NET45-Debug|Any CPU.ActiveCfg = Debug|Any CPU
		{F6FFA452-43ED-4E37-A8B1-2D0BEB9CE5D3}.NET45-Debug|Any CPU.Build.0 = Debug|Any CPU
		{F6FFA452-43ED-4E37-A8B1-2D0BEB9CE5D3}.NET45-Release|Any CPU.ActiveCfg = Release|Any CPU
		{F6FFA452-43ED-4E37-A8B1-2D0BEB9CE5D3}.NET45-Release|Any CPU.Build.0 = Release|Any CPU
		{F6FFA452-43ED-4E37-A8B1-2D0BEB9CE5D3}.Release|Any CPU.ActiveCfg = Release|Any CPU
		{F6FFA452-43ED-4E37-A8B1-2D0BEB9CE5D3}.Release|Any CPU.Build.0 = Release|Any CPU
		{F6FFA452-43ED-4E37-A8B1-2D0BEB9CE5D3}.Release35|Any CPU.ActiveCfg = Release|Any CPU
		{F6FFA452-43ED-4E37-A8B1-2D0BEB9CE5D3}.Release35|Any CPU.Build.0 = Release|Any CPU
		{9155127E-DFF6-4E4F-AEC3-DF46C90AD16F}.Debug|Any CPU.ActiveCfg = Debug|Any CPU
		{9155127E-DFF6-4E4F-AEC3-DF46C90AD16F}.Debug|Any CPU.Build.0 = Debug|Any CPU
		{9155127E-DFF6-4E4F-AEC3-DF46C90AD16F}.Debug35|Any CPU.ActiveCfg = Debug|Any CPU
		{9155127E-DFF6-4E4F-AEC3-DF46C90AD16F}.Debug35|Any CPU.Build.0 = Debug|Any CPU
		{9155127E-DFF6-4E4F-AEC3-DF46C90AD16F}.NET35-Debug|Any CPU.ActiveCfg = Debug|Any CPU
		{9155127E-DFF6-4E4F-AEC3-DF46C90AD16F}.NET35-Debug|Any CPU.Build.0 = Debug|Any CPU
		{9155127E-DFF6-4E4F-AEC3-DF46C90AD16F}.NET35-Release|Any CPU.ActiveCfg = Release|Any CPU
		{9155127E-DFF6-4E4F-AEC3-DF46C90AD16F}.NET35-Release|Any CPU.Build.0 = Release|Any CPU
		{9155127E-DFF6-4E4F-AEC3-DF46C90AD16F}.NET40-Debug|Any CPU.ActiveCfg = Debug|Any CPU
		{9155127E-DFF6-4E4F-AEC3-DF46C90AD16F}.NET40-Debug|Any CPU.Build.0 = Debug|Any CPU
		{9155127E-DFF6-4E4F-AEC3-DF46C90AD16F}.NET40-Release|Any CPU.ActiveCfg = Release|Any CPU
		{9155127E-DFF6-4E4F-AEC3-DF46C90AD16F}.NET40-Release|Any CPU.Build.0 = Release|Any CPU
		{9155127E-DFF6-4E4F-AEC3-DF46C90AD16F}.NET45-Debug|Any CPU.ActiveCfg = Debug|Any CPU
		{9155127E-DFF6-4E4F-AEC3-DF46C90AD16F}.NET45-Debug|Any CPU.Build.0 = Debug|Any CPU
		{9155127E-DFF6-4E4F-AEC3-DF46C90AD16F}.NET45-Release|Any CPU.ActiveCfg = Release|Any CPU
		{9155127E-DFF6-4E4F-AEC3-DF46C90AD16F}.NET45-Release|Any CPU.Build.0 = Release|Any CPU
		{9155127E-DFF6-4E4F-AEC3-DF46C90AD16F}.Release|Any CPU.ActiveCfg = Release|Any CPU
		{9155127E-DFF6-4E4F-AEC3-DF46C90AD16F}.Release|Any CPU.Build.0 = Release|Any CPU
		{9155127E-DFF6-4E4F-AEC3-DF46C90AD16F}.Release35|Any CPU.ActiveCfg = Release|Any CPU
		{9155127E-DFF6-4E4F-AEC3-DF46C90AD16F}.Release35|Any CPU.Build.0 = Release|Any CPU
		{5D4AD9BE-1FFB-41AB-9943-25737971BF57}.Debug|Any CPU.ActiveCfg = Debug|Any CPU
		{5D4AD9BE-1FFB-41AB-9943-25737971BF57}.Debug|Any CPU.Build.0 = Debug|Any CPU
		{5D4AD9BE-1FFB-41AB-9943-25737971BF57}.Debug35|Any CPU.ActiveCfg = Debug35|Any CPU
		{5D4AD9BE-1FFB-41AB-9943-25737971BF57}.Debug35|Any CPU.Build.0 = Debug35|Any CPU
		{5D4AD9BE-1FFB-41AB-9943-25737971BF57}.NET35-Debug|Any CPU.ActiveCfg = Debug|Any CPU
		{5D4AD9BE-1FFB-41AB-9943-25737971BF57}.NET35-Debug|Any CPU.Build.0 = Debug|Any CPU
		{5D4AD9BE-1FFB-41AB-9943-25737971BF57}.NET35-Release|Any CPU.ActiveCfg = Release|Any CPU
		{5D4AD9BE-1FFB-41AB-9943-25737971BF57}.NET35-Release|Any CPU.Build.0 = Release|Any CPU
		{5D4AD9BE-1FFB-41AB-9943-25737971BF57}.NET40-Debug|Any CPU.ActiveCfg = Debug|Any CPU
		{5D4AD9BE-1FFB-41AB-9943-25737971BF57}.NET40-Debug|Any CPU.Build.0 = Debug|Any CPU
		{5D4AD9BE-1FFB-41AB-9943-25737971BF57}.NET40-Release|Any CPU.ActiveCfg = Release|Any CPU
		{5D4AD9BE-1FFB-41AB-9943-25737971BF57}.NET40-Release|Any CPU.Build.0 = Release|Any CPU
		{5D4AD9BE-1FFB-41AB-9943-25737971BF57}.NET45-Debug|Any CPU.ActiveCfg = Debug|Any CPU
		{5D4AD9BE-1FFB-41AB-9943-25737971BF57}.NET45-Debug|Any CPU.Build.0 = Debug|Any CPU
		{5D4AD9BE-1FFB-41AB-9943-25737971BF57}.NET45-Release|Any CPU.ActiveCfg = Release|Any CPU
		{5D4AD9BE-1FFB-41AB-9943-25737971BF57}.NET45-Release|Any CPU.Build.0 = Release|Any CPU
		{5D4AD9BE-1FFB-41AB-9943-25737971BF57}.Release|Any CPU.ActiveCfg = Release|Any CPU
		{5D4AD9BE-1FFB-41AB-9943-25737971BF57}.Release|Any CPU.Build.0 = Release|Any CPU
		{5D4AD9BE-1FFB-41AB-9943-25737971BF57}.Release35|Any CPU.ActiveCfg = Release35|Any CPU
		{5D4AD9BE-1FFB-41AB-9943-25737971BF57}.Release35|Any CPU.Build.0 = Release35|Any CPU
		{63EF9A25-7B86-48AE-A64F-8C16FE890556}.Debug|Any CPU.ActiveCfg = Debug|Any CPU
		{63EF9A25-7B86-48AE-A64F-8C16FE890556}.Debug|Any CPU.Build.0 = Debug|Any CPU
		{63EF9A25-7B86-48AE-A64F-8C16FE890556}.Debug35|Any CPU.ActiveCfg = Debug|Any CPU
		{63EF9A25-7B86-48AE-A64F-8C16FE890556}.Debug35|Any CPU.Build.0 = Debug|Any CPU
		{63EF9A25-7B86-48AE-A64F-8C16FE890556}.NET35-Debug|Any CPU.ActiveCfg = Debug|Any CPU
		{63EF9A25-7B86-48AE-A64F-8C16FE890556}.NET35-Debug|Any CPU.Build.0 = Debug|Any CPU
		{63EF9A25-7B86-48AE-A64F-8C16FE890556}.NET35-Release|Any CPU.ActiveCfg = Release|Any CPU
		{63EF9A25-7B86-48AE-A64F-8C16FE890556}.NET35-Release|Any CPU.Build.0 = Release|Any CPU
		{63EF9A25-7B86-48AE-A64F-8C16FE890556}.NET40-Debug|Any CPU.ActiveCfg = Debug|Any CPU
		{63EF9A25-7B86-48AE-A64F-8C16FE890556}.NET40-Debug|Any CPU.Build.0 = Debug|Any CPU
		{63EF9A25-7B86-48AE-A64F-8C16FE890556}.NET40-Release|Any CPU.ActiveCfg = Release|Any CPU
		{63EF9A25-7B86-48AE-A64F-8C16FE890556}.NET40-Release|Any CPU.Build.0 = Release|Any CPU
		{63EF9A25-7B86-48AE-A64F-8C16FE890556}.NET45-Debug|Any CPU.ActiveCfg = Debug|Any CPU
		{63EF9A25-7B86-48AE-A64F-8C16FE890556}.NET45-Debug|Any CPU.Build.0 = Debug|Any CPU
		{63EF9A25-7B86-48AE-A64F-8C16FE890556}.NET45-Release|Any CPU.ActiveCfg = Release|Any CPU
		{63EF9A25-7B86-48AE-A64F-8C16FE890556}.NET45-Release|Any CPU.Build.0 = Release|Any CPU
		{63EF9A25-7B86-48AE-A64F-8C16FE890556}.Release|Any CPU.ActiveCfg = Release|Any CPU
		{63EF9A25-7B86-48AE-A64F-8C16FE890556}.Release|Any CPU.Build.0 = Release|Any CPU
		{63EF9A25-7B86-48AE-A64F-8C16FE890556}.Release35|Any CPU.ActiveCfg = Release|Any CPU
		{63EF9A25-7B86-48AE-A64F-8C16FE890556}.Release35|Any CPU.Build.0 = Release|Any CPU
		{26EBAD4F-83AF-431F-B62D-6782E746B242}.Debug|Any CPU.ActiveCfg = Debug|Any CPU
		{26EBAD4F-83AF-431F-B62D-6782E746B242}.Debug|Any CPU.Build.0 = Debug|Any CPU
		{26EBAD4F-83AF-431F-B62D-6782E746B242}.Debug35|Any CPU.ActiveCfg = Debug|Any CPU
		{26EBAD4F-83AF-431F-B62D-6782E746B242}.Debug35|Any CPU.Build.0 = Debug|Any CPU
		{26EBAD4F-83AF-431F-B62D-6782E746B242}.NET35-Debug|Any CPU.ActiveCfg = Debug|Any CPU
		{26EBAD4F-83AF-431F-B62D-6782E746B242}.NET35-Debug|Any CPU.Build.0 = Debug|Any CPU
		{26EBAD4F-83AF-431F-B62D-6782E746B242}.NET35-Release|Any CPU.ActiveCfg = Release|Any CPU
		{26EBAD4F-83AF-431F-B62D-6782E746B242}.NET35-Release|Any CPU.Build.0 = Release|Any CPU
		{26EBAD4F-83AF-431F-B62D-6782E746B242}.NET40-Debug|Any CPU.ActiveCfg = Debug|Any CPU
		{26EBAD4F-83AF-431F-B62D-6782E746B242}.NET40-Debug|Any CPU.Build.0 = Debug|Any CPU
		{26EBAD4F-83AF-431F-B62D-6782E746B242}.NET40-Release|Any CPU.ActiveCfg = Release|Any CPU
		{26EBAD4F-83AF-431F-B62D-6782E746B242}.NET40-Release|Any CPU.Build.0 = Release|Any CPU
		{26EBAD4F-83AF-431F-B62D-6782E746B242}.NET45-Debug|Any CPU.ActiveCfg = Debug|Any CPU
		{26EBAD4F-83AF-431F-B62D-6782E746B242}.NET45-Debug|Any CPU.Build.0 = Debug|Any CPU
		{26EBAD4F-83AF-431F-B62D-6782E746B242}.NET45-Release|Any CPU.ActiveCfg = Release|Any CPU
		{26EBAD4F-83AF-431F-B62D-6782E746B242}.NET45-Release|Any CPU.Build.0 = Release|Any CPU
		{26EBAD4F-83AF-431F-B62D-6782E746B242}.Release|Any CPU.ActiveCfg = Release|Any CPU
		{26EBAD4F-83AF-431F-B62D-6782E746B242}.Release|Any CPU.Build.0 = Release|Any CPU
		{26EBAD4F-83AF-431F-B62D-6782E746B242}.Release35|Any CPU.ActiveCfg = Release|Any CPU
		{26EBAD4F-83AF-431F-B62D-6782E746B242}.Release35|Any CPU.Build.0 = Release|Any CPU
		{E4FA5B53-7D36-429E-8E5C-53D5479242BA}.Debug|Any CPU.ActiveCfg = NET45-Debug|Any CPU
		{E4FA5B53-7D36-429E-8E5C-53D5479242BA}.Debug|Any CPU.Build.0 = NET45-Debug|Any CPU
		{E4FA5B53-7D36-429E-8E5C-53D5479242BA}.Debug35|Any CPU.ActiveCfg = NET45-Release|Any CPU
		{E4FA5B53-7D36-429E-8E5C-53D5479242BA}.Debug35|Any CPU.Build.0 = NET45-Release|Any CPU
		{E4FA5B53-7D36-429E-8E5C-53D5479242BA}.NET35-Debug|Any CPU.ActiveCfg = NET35-Debug|Any CPU
		{E4FA5B53-7D36-429E-8E5C-53D5479242BA}.NET35-Debug|Any CPU.Build.0 = NET35-Debug|Any CPU
		{E4FA5B53-7D36-429E-8E5C-53D5479242BA}.NET35-Release|Any CPU.ActiveCfg = NET35-Release|Any CPU
		{E4FA5B53-7D36-429E-8E5C-53D5479242BA}.NET35-Release|Any CPU.Build.0 = NET35-Release|Any CPU
		{E4FA5B53-7D36-429E-8E5C-53D5479242BA}.NET40-Debug|Any CPU.ActiveCfg = NET40-Debug|Any CPU
		{E4FA5B53-7D36-429E-8E5C-53D5479242BA}.NET40-Debug|Any CPU.Build.0 = NET40-Debug|Any CPU
		{E4FA5B53-7D36-429E-8E5C-53D5479242BA}.NET40-Release|Any CPU.ActiveCfg = NET40-Release|Any CPU
		{E4FA5B53-7D36-429E-8E5C-53D5479242BA}.NET40-Release|Any CPU.Build.0 = NET40-Release|Any CPU
		{E4FA5B53-7D36-429E-8E5C-53D5479242BA}.NET45-Debug|Any CPU.ActiveCfg = NET45-Debug|Any CPU
		{E4FA5B53-7D36-429E-8E5C-53D5479242BA}.NET45-Debug|Any CPU.Build.0 = NET45-Debug|Any CPU
		{E4FA5B53-7D36-429E-8E5C-53D5479242BA}.NET45-Release|Any CPU.ActiveCfg = NET45-Release|Any CPU
		{E4FA5B53-7D36-429E-8E5C-53D5479242BA}.NET45-Release|Any CPU.Build.0 = NET45-Release|Any CPU
		{E4FA5B53-7D36-429E-8E5C-53D5479242BA}.Release|Any CPU.ActiveCfg = NET45-Release|Any CPU
		{E4FA5B53-7D36-429E-8E5C-53D5479242BA}.Release|Any CPU.Build.0 = NET45-Release|Any CPU
		{E4FA5B53-7D36-429E-8E5C-53D5479242BA}.Release35|Any CPU.ActiveCfg = NET45-Release|Any CPU
		{E4FA5B53-7D36-429E-8E5C-53D5479242BA}.Release35|Any CPU.Build.0 = NET45-Release|Any CPU
	EndGlobalSection
	GlobalSection(SolutionProperties) = preSolution
		HideSolutionNode = FALSE
	EndGlobalSection
	GlobalSection(NestedProjects) = preSolution
		{38BBC16D-BD23-4175-876B-D80D365A1238} = {9495DC69-B207-4F91-A704-753FCD496588}
		{6DFD7091-64BC-4A1F-A881-7F66DC90EFF1} = {9495DC69-B207-4F91-A704-753FCD496588}
		{CC16C52D-9E97-4017-924D-DC3F2477E529} = {9495DC69-B207-4F91-A704-753FCD496588}
		{4478BD25-AEC8-4701-BC6C-FCC791859B62} = {9495DC69-B207-4F91-A704-753FCD496588}
		{71239CAA-348C-42CA-8016-3C411AE36BDE} = {1FDE8AFE-3AC4-4761-BF9F-2AD6F59FECFC}
		{76A99C33-BAAC-4EDD-A0EB-A4B597578E5C} = {B33CA9E1-89AC-40FE-BF72-2265B15FB595}
		{82691486-C53C-4962-A01B-542EA5278AD9} = {B33CA9E1-89AC-40FE-BF72-2265B15FB595}
		{4BEBCBE9-DDFC-4F28-B28B-12AA24CFEE09} = {B24B4AE4-8136-4D71-86D0-9A6FA883FFFC}
		{F6FFA452-43ED-4E37-A8B1-2D0BEB9CE5D3} = {9A5B6075-B323-4314-A85D-7C424FFC018F}
		{9155127E-DFF6-4E4F-AEC3-DF46C90AD16F} = {FBDF635C-3248-474E-861B-7DC83CF77504}
		{5D4AD9BE-1FFB-41AB-9943-25737971BF57} = {FBDF635C-3248-474E-861B-7DC83CF77504}
		{63EF9A25-7B86-48AE-A64F-8C16FE890556} = {B33CA9E1-89AC-40FE-BF72-2265B15FB595}
		{FBDF635C-3248-474E-861B-7DC83CF77504} = {0D09492C-6268-487A-B063-2982C1D7409A}
		{B33CA9E1-89AC-40FE-BF72-2265B15FB595} = {0D09492C-6268-487A-B063-2982C1D7409A}
		{B24B4AE4-8136-4D71-86D0-9A6FA883FFFC} = {0D09492C-6268-487A-B063-2982C1D7409A}
		{BD7B71B9-26D6-4420-BBA5-C2AEEBE39E7D} = {0D09492C-6268-487A-B063-2982C1D7409A}
		{26EBAD4F-83AF-431F-B62D-6782E746B242} = {BD7B71B9-26D6-4420-BBA5-C2AEEBE39E7D}
		{E4FA5B53-7D36-429E-8E5C-53D5479242BA} = {BD7B71B9-26D6-4420-BBA5-C2AEEBE39E7D}
	EndGlobalSection
EndGlobal
